
Microsoft Visual Studio Solution File, Format Version 12.00
# Visual Studio Version 17
VisualStudioVersion = 17.14.36623.8 d17.14
MinimumVisualStudioVersion = 10.0.40219.1
Project("{FAE04EC0-301F-11D3-BF4B-00C04F79EFBC}") = "FinalProyectApi", "FinalProyectApi\FinalProyectApi.csproj", "{880CD423-8BC7-4815-8775-1526711C7703}"
EndProject
Global
	GlobalSection(SolutionConfigurationPlatforms) = preSolution
		Debug|Any CPU = Debug|Any CPU
		Release|Any CPU = Release|Any CPU
	EndGlobalSection
	GlobalSection(ProjectConfigurationPlatforms) = postSolution
		{880CD423-8BC7-4815-8775-1526711C7703}.Debug|Any CPU.ActiveCfg = Debug|Any CPU
		{880CD423-8BC7-4815-8775-1526711C7703}.Debug|Any CPU.Build.0 = Debug|Any CPU
		{880CD423-8BC7-4815-8775-1526711C7703}.Release|Any CPU.ActiveCfg = Release|Any CPU
		{880CD423-8BC7-4815-8775-1526711C7703}.Release|Any CPU.Build.0 = Release|Any CPU
	EndGlobalSection
	GlobalSection(SolutionProperties) = preSolution
		HideSolutionNode = FALSE
	EndGlobalSection
	GlobalSection(ExtensibilityGlobals) = postSolution
		SolutionGuid = {39635911-5270-41E9-ACC7-313D3F9E3E32}
	EndGlobalSection
EndGlobal
